// !$*UTF8*$!
{
	archiveVersion = 1;
	classes = {
	};
	objectVersion = 56;
	objects = {

/* Begin PBXBuildFile section */
		18B15BA329A64AD2008ACC89 /* MainCollectionViewCell.swift in Sources */ = {isa = PBXBuildFile; fileRef = 18B15BA229A64AD2008ACC89 /* MainCollectionViewCell.swift */; };
		18BFB36729A0F06000FA668A /* TabViewController.swift in Sources */ = {isa = PBXBuildFile; fileRef = 18BFB36629A0F06000FA668A /* TabViewController.swift */; };
		18BFB36929A1058100FA668A /* MainViewController.swift in Sources */ = {isa = PBXBuildFile; fileRef = 18BFB36829A1058100FA668A /* MainViewController.swift */; };
		18BFB36B29A1059000FA668A /* LocationViewController.swift in Sources */ = {isa = PBXBuildFile; fileRef = 18BFB36A29A1059000FA668A /* LocationViewController.swift */; };
		18BFB36D29A1059B00FA668A /* CartViewController.swift in Sources */ = {isa = PBXBuildFile; fileRef = 18BFB36C29A1059A00FA668A /* CartViewController.swift */; };
		18EEA61D299DD0D200DAD6EB /* VendorLoginViewController.swift in Sources */ = {isa = PBXBuildFile; fileRef = 18EEA61C299DD0D200DAD6EB /* VendorLoginViewController.swift */; };
		18EEA61F299E300E00DAD6EB /* CustomerLoginViewController.swift in Sources */ = {isa = PBXBuildFile; fileRef = 18EEA61E299E300E00DAD6EB /* CustomerLoginViewController.swift */; };
		18EEA621299E406100DAD6EB /* VResgisterViewController.swift in Sources */ = {isa = PBXBuildFile; fileRef = 18EEA620299E406100DAD6EB /* VResgisterViewController.swift */; };
		18EEA623299E407300DAD6EB /* CRegisterViewController.swift in Sources */ = {isa = PBXBuildFile; fileRef = 18EEA622299E407300DAD6EB /* CRegisterViewController.swift */; };
		18F6B12C2991823D007F095D /* AppDelegate.swift in Sources */ = {isa = PBXBuildFile; fileRef = 18F6B12B2991823D007F095D /* AppDelegate.swift */; };
		18F6B12E2991823D007F095D /* SceneDelegate.swift in Sources */ = {isa = PBXBuildFile; fileRef = 18F6B12D2991823D007F095D /* SceneDelegate.swift */; };
		18F6B1302991823D007F095D /* HomeViewController.swift in Sources */ = {isa = PBXBuildFile; fileRef = 18F6B12F2991823D007F095D /* HomeViewController.swift */; };
		18F6B1332991823D007F095D /* Main.storyboard in Resources */ = {isa = PBXBuildFile; fileRef = 18F6B1312991823D007F095D /* Main.storyboard */; };
		18F6B1352991823E007F095D /* Assets.xcassets in Resources */ = {isa = PBXBuildFile; fileRef = 18F6B1342991823E007F095D /* Assets.xcassets */; };
		18F6B1382991823E007F095D /* LaunchScreen.storyboard in Resources */ = {isa = PBXBuildFile; fileRef = 18F6B1362991823E007F095D /* LaunchScreen.storyboard */; };
/* End PBXBuildFile section */

/* Begin PBXFileReference section */
		18B15BA229A64AD2008ACC89 /* MainCollectionViewCell.swift */ = {isa = PBXFileReference; lastKnownFileType = sourcecode.swift; path = MainCollectionViewCell.swift; sourceTree = "<group>"; };
		18BFB36629A0F06000FA668A /* TabViewController.swift */ = {isa = PBXFileReference; lastKnownFileType = sourcecode.swift; path = TabViewController.swift; sourceTree = "<group>"; };
		18BFB36829A1058100FA668A /* MainViewController.swift */ = {isa = PBXFileReference; lastKnownFileType = sourcecode.swift; path = MainViewController.swift; sourceTree = "<group>"; };
		18BFB36A29A1059000FA668A /* LocationViewController.swift */ = {isa = PBXFileReference; lastKnownFileType = sourcecode.swift; path = LocationViewController.swift; sourceTree = "<group>"; };
		18BFB36C29A1059A00FA668A /* CartViewController.swift */ = {isa = PBXFileReference; lastKnownFileType = sourcecode.swift; path = CartViewController.swift; sourceTree = "<group>"; };
		18EEA61C299DD0D200DAD6EB /* VendorLoginViewController.swift */ = {isa = PBXFileReference; lastKnownFileType = sourcecode.swift; path = VendorLoginViewController.swift; sourceTree = "<group>"; };
		18EEA61E299E300E00DAD6EB /* CustomerLoginViewController.swift */ = {isa = PBXFileReference; lastKnownFileType = sourcecode.swift; path = CustomerLoginViewController.swift; sourceTree = "<group>"; };
		18EEA620299E406100DAD6EB /* VResgisterViewController.swift */ = {isa = PBXFileReference; lastKnownFileType = sourcecode.swift; path = VResgisterViewController.swift; sourceTree = "<group>"; };
		18EEA622299E407300DAD6EB /* CRegisterViewController.swift */ = {isa = PBXFileReference; lastKnownFileType = sourcecode.swift; path = CRegisterViewController.swift; sourceTree = "<group>"; };
		18F6B1282991823D007F095D /* openDeal.app */ = {isa = PBXFileReference; explicitFileType = wrapper.application; includeInIndex = 0; path = openDeal.app; sourceTree = BUILT_PRODUCTS_DIR; };
		18F6B12B2991823D007F095D /* AppDelegate.swift */ = {isa = PBXFileReference; lastKnownFileType = sourcecode.swift; path = AppDelegate.swift; sourceTree = "<group>"; };
		18F6B12D2991823D007F095D /* SceneDelegate.swift */ = {isa = PBXFileReference; lastKnownFileType = sourcecode.swift; path = SceneDelegate.swift; sourceTree = "<group>"; };
		18F6B12F2991823D007F095D /* HomeViewController.swift */ = {isa = PBXFileReference; lastKnownFileType = sourcecode.swift; path = HomeViewController.swift; sourceTree = "<group>"; };
		18F6B1322991823D007F095D /* Base */ = {isa = PBXFileReference; lastKnownFileType = file.storyboard; name = Base; path = Base.lproj/Main.storyboard; sourceTree = "<group>"; };
		18F6B1342991823E007F095D /* Assets.xcassets */ = {isa = PBXFileReference; lastKnownFileType = folder.assetcatalog; path = Assets.xcassets; sourceTree = "<group>"; };
		18F6B1372991823E007F095D /* Base */ = {isa = PBXFileReference; lastKnownFileType = file.storyboard; name = Base; path = Base.lproj/LaunchScreen.storyboard; sourceTree = "<group>"; };
		18F6B1392991823E007F095D /* Info.plist */ = {isa = PBXFileReference; lastKnownFileType = text.plist.xml; path = Info.plist; sourceTree = "<group>"; };
/* End PBXFileReference section */

/* Begin PBXFrameworksBuildPhase section */
		18F6B1252991823D007F095D /* Frameworks */ = {
			isa = PBXFrameworksBuildPhase;
			buildActionMask = 2147483647;
			files = (
			);
			runOnlyForDeploymentPostprocessing = 0;
		};
/* End PBXFrameworksBuildPhase section */

/* Begin PBXGroup section */
		180F6CB6299E9BCE0006D3BF /* VendorRegisterView */ = {
			isa = PBXGroup;
			children = (
				18EEA61C299DD0D200DAD6EB /* VendorLoginViewController.swift */,
				18EEA620299E406100DAD6EB /* VResgisterViewController.swift */,
			);
			path = VendorRegisterView;
			sourceTree = "<group>";
		};
		180F6CB7299E9BDC0006D3BF /* CustomerRegisterView */ = {
			isa = PBXGroup;
			children = (
				18EEA61E299E300E00DAD6EB /* CustomerLoginViewController.swift */,
				18EEA622299E407300DAD6EB /* CRegisterViewController.swift */,
			);
			path = CustomerRegisterView;
			sourceTree = "<group>";
		};
		18BFB36529A0F04D00FA668A /* Controller */ = {
			isa = PBXGroup;
			children = (
				18BFB36629A0F06000FA668A /* TabViewController.swift */,
				18BFB36829A1058100FA668A /* MainViewController.swift */,
				18B15BA229A64AD2008ACC89 /* MainCollectionViewCell.swift */,
				18BFB36A29A1059000FA668A /* LocationViewController.swift */,
				18BFB36C29A1059A00FA668A /* CartViewController.swift */,
			);
			path = Controller;
			sourceTree = "<group>";
		};
		18F6B11F2991823D007F095D = {
			isa = PBXGroup;
			children = (
				18F6B12A2991823D007F095D /* openDeal */,
				18F6B1292991823D007F095D /* Products */,
			);
			sourceTree = "<group>";
		};
		18F6B1292991823D007F095D /* Products */ = {
			isa = PBXGroup;
			children = (
				18F6B1282991823D007F095D /* openDeal.app */,
			);
			name = Products;
			sourceTree = "<group>";
		};
		18F6B12A2991823D007F095D /* openDeal */ = {
			isa = PBXGroup;
			children = (
				18F6B12B2991823D007F095D /* AppDelegate.swift */,
				18F6B12D2991823D007F095D /* SceneDelegate.swift */,
				18BFB36529A0F04D00FA668A /* Controller */,
				18F6B12F2991823D007F095D /* HomeViewController.swift */,
				180F6CB7299E9BDC0006D3BF /* CustomerRegisterView */,
				180F6CB6299E9BCE0006D3BF /* VendorRegisterView */,
				18F6B1312991823D007F095D /* Main.storyboard */,
				18F6B1342991823E007F095D /* Assets.xcassets */,
				18F6B1362991823E007F095D /* LaunchScreen.storyboard */,
				18F6B1392991823E007F095D /* Info.plist */,
			);
			path = openDeal;
			sourceTree = "<group>";
		};
/* End PBXGroup section */

/* Begin PBXNativeTarget section */
		18F6B1272991823D007F095D /* openDeal */ = {
			isa = PBXNativeTarget;
			buildConfigurationList = 18F6B13C2991823E007F095D /* Build configuration list for PBXNativeTarget "openDeal" */;
			buildPhases = (
				18F6B1242991823D007F095D /* Sources */,
				18F6B1252991823D007F095D /* Frameworks */,
				18F6B1262991823D007F095D /* Resources */,
			);
			buildRules = (
			);
			dependencies = (
			);
			name = openDeal;
			productName = openDeal;
			productReference = 18F6B1282991823D007F095D /* openDeal.app */;
			productType = "com.apple.product-type.application";
		};
/* End PBXNativeTarget section */

/* Begin PBXProject section */
		18F6B1202991823D007F095D /* Project object */ = {
			isa = PBXProject;
			attributes = {
				BuildIndependentTargetsInParallel = 1;
				LastSwiftUpdateCheck = 1420;
				LastUpgradeCheck = 1420;
				TargetAttributes = {
					18F6B1272991823D007F095D = {
						CreatedOnToolsVersion = 14.2;
					};
				};
			};
			buildConfigurationList = 18F6B1232991823D007F095D /* Build configuration list for PBXProject "openDeal" */;
			compatibilityVersion = "Xcode 14.0";
			developmentRegion = en;
			hasScannedForEncodings = 0;
			knownRegions = (
				en,
				Base,
			);
			mainGroup = 18F6B11F2991823D007F095D;
			productRefGroup = 18F6B1292991823D007F095D /* Products */;
			projectDirPath = "";
			projectRoot = "";
			targets = (
				18F6B1272991823D007F095D /* openDeal */,
			);
		};
/* End PBXProject section */

/* Begin PBXResourcesBuildPhase section */
		18F6B1262991823D007F095D /* Resources */ = {
			isa = PBXResourcesBuildPhase;
			buildActionMask = 2147483647;
			files = (
				18F6B1382991823E007F095D /* LaunchScreen.storyboard in Resources */,
				18F6B1352991823E007F095D /* Assets.xcassets in Resources */,
				18F6B1332991823D007F095D /* Main.storyboard in Resources */,
			);
			runOnlyForDeploymentPostprocessing = 0;
		};
/* End PBXResourcesBuildPhase section */

/* Begin PBXSourcesBuildPhase section */
		18F6B1242991823D007F095D /* Sources */ = {
			isa = PBXSourcesBuildPhase;
			buildActionMask = 2147483647;
			files = (
				18F6B1302991823D007F095D /* HomeViewController.swift in Sources */,
				18F6B12C2991823D007F095D /* AppDelegate.swift in Sources */,
				18EEA623299E407300DAD6EB /* CRegisterViewController.swift in Sources */,
				18EEA621299E406100DAD6EB /* VResgisterViewController.swift in Sources */,
				18EEA61F299E300E00DAD6EB /* CustomerLoginViewController.swift in Sources */,
				18BFB36B29A1059000FA668A /* LocationViewController.swift in Sources */,
				18F6B12E2991823D007F095D /* SceneDelegate.swift in Sources */,
				18B15BA329A64AD2008ACC89 /* MainCollectionViewCell.swift in Sources */,
				18BFB36D29A1059B00FA668A /* CartViewController.swift in Sources */,
				18BFB36929A1058100FA668A /* MainViewController.swift in Sources */,
				18EEA61D299DD0D200DAD6EB /* VendorLoginViewController.swift in Sources */,
				18BFB36729A0F06000FA668A /* TabViewController.swift in Sources */,
			);
			runOnlyForDeploymentPostprocessing = 0;
		};
/* End PBXSourcesBuildPhase section */

/* Begin PBXVariantGroup section */
		18F6B1312991823D007F095D /* Main.storyboard */ = {
			isa = PBXVariantGroup;
			children = (
				18F6B1322991823D007F095D /* Base */,
			);
			name = Main.storyboard;
			sourceTree = "<group>";
		};
		18F6B1362991823E007F095D /* LaunchScreen.storyboard */ = {
			isa = PBXVariantGroup;
			children = (
				18F6B1372991823E007F095D /* Base */,
			);
			name = LaunchScreen.storyboard;
			sourceTree = "<group>";
		};
/* End PBXVariantGroup section */

/* Begin XCBuildConfiguration section */
		18F6B13A2991823E007F095D /* Debug */ = {
			isa = XCBuildConfiguration;
			buildSettings = {
				ALWAYS_SEARCH_USER_PATHS = NO;
				CLANG_ANALYZER_NONNULL = YES;
				CLANG_ANALYZER_NUMBER_OBJECT_CONVERSION = YES_AGGRESSIVE;
				CLANG_CXX_LANGUAGE_STANDARD = "gnu++20";
				CLANG_ENABLE_MODULES = YES;
				CLANG_ENABLE_OBJC_ARC = YES;
				CLANG_ENABLE_OBJC_WEAK = YES;
				CLANG_WARN_BLOCK_CAPTURE_AUTORELEASING = YES;
				CLANG_WARN_BOOL_CONVERSION = YES;
				CLANG_WARN_COMMA = YES;
				CLANG_WARN_CONSTANT_CONVERSION = YES;
				CLANG_WARN_DEPRECATED_OBJC_IMPLEMENTATIONS = YES;
				CLANG_WARN_DIRECT_OBJC_ISA_USAGE = YES_ERROR;
				CLANG_WARN_DOCUMENTATION_COMMENTS = YES;
				CLANG_WARN_EMPTY_BODY = YES;
				CLANG_WARN_ENUM_CONVERSION = YES;
				CLANG_WARN_INFINITE_RECURSION = YES;
				CLANG_WARN_INT_CONVERSION = YES;
				CLANG_WARN_NON_LITERAL_NULL_CONVERSION = YES;
				CLANG_WARN_OBJC_IMPLICIT_RETAIN_SELF = YES;
				CLANG_WARN_OBJC_LITERAL_CONVERSION = YES;
				CLANG_WARN_OBJC_ROOT_CLASS = YES_ERROR;
				CLANG_WARN_QUOTED_INCLUDE_IN_FRAMEWORK_HEADER = YES;
				CLANG_WARN_RANGE_LOOP_ANALYSIS = YES;
				CLANG_WARN_STRICT_PROTOTYPES = YES;
				CLANG_WARN_SUSPICIOUS_MOVE = YES;
				CLANG_WARN_UNGUARDED_AVAILABILITY = YES_AGGRESSIVE;
				CLANG_WARN_UNREACHABLE_CODE = YES;
				CLANG_WARN__DUPLICATE_METHOD_MATCH = YES;
				COPY_PHASE_STRIP = NO;
				DEBUG_INFORMATION_FORMAT = dwarf;
				ENABLE_STRICT_OBJC_MSGSEND = YES;
				ENABLE_TESTABILITY = YES;
				GCC_C_LANGUAGE_STANDARD = gnu11;
				GCC_DYNAMIC_NO_PIC = NO;
				GCC_NO_COMMON_BLOCKS = YES;
				GCC_OPTIMIZATION_LEVEL = 0;
				GCC_PREPROCESSOR_DEFINITIONS = (
					"DEBUG=1",
					"$(inherited)",
				);
				GCC_WARN_64_TO_32_BIT_CONVERSION = YES;
				GCC_WARN_ABOUT_RETURN_TYPE = YES_ERROR;
				GCC_WARN_UNDECLARED_SELECTOR = YES;
				GCC_WARN_UNINITIALIZED_AUTOS = YES_AGGRESSIVE;
				GCC_WARN_UNUSED_FUNCTION = YES;
				GCC_WARN_UNUSED_VARIABLE = YES;
				IPHONEOS_DEPLOYMENT_TARGET = 16.2;
				MTL_ENABLE_DEBUG_INFO = INCLUDE_SOURCE;
				MTL_FAST_MATH = YES;
				ONLY_ACTIVE_ARCH = YES;
				SDKROOT = iphoneos;
				SWIFT_ACTIVE_COMPILATION_CONDITIONS = DEBUG;
				SWIFT_OPTIMIZATION_LEVEL = "-Onone";
			};
			name = Debug;
		};
		18F6B13B2991823E007F095D /* Release */ = {
			isa = XCBuildConfiguration;
			buildSettings = {
				ALWAYS_SEARCH_USER_PATHS = NO;
				CLANG_ANALYZER_NONNULL = YES;
				CLANG_ANALYZER_NUMBER_OBJECT_CONVERSION = YES_AGGRESSIVE;
				CLANG_CXX_LANGUAGE_STANDARD = "gnu++20";
				CLANG_ENABLE_MODULES = YES;
				CLANG_ENABLE_OBJC_ARC = YES;
				CLANG_ENABLE_OBJC_WEAK = YES;
				CLANG_WARN_BLOCK_CAPTURE_AUTORELEASING = YES;
				CLANG_WARN_BOOL_CONVERSION = YES;
				CLANG_WARN_COMMA = YES;
				CLANG_WARN_CONSTANT_CONVERSION = YES;
				CLANG_WARN_DEPRECATED_OBJC_IMPLEMENTATIONS = YES;
				CLANG_WARN_DIRECT_OBJC_ISA_USAGE = YES_ERROR;
				CLANG_WARN_DOCUMENTATION_COMMENTS = YES;
				CLANG_WARN_EMPTY_BODY = YES;
				CLANG_WARN_ENUM_CONVERSION = YES;
				CLANG_WARN_INFINITE_RECURSION = YES;
				CLANG_WARN_INT_CONVERSION = YES;
				CLANG_WARN_NON_LITERAL_NULL_CONVERSION = YES;
				CLANG_WARN_OBJC_IMPLICIT_RETAIN_SELF = YES;
				CLANG_WARN_OBJC_LITERAL_CONVERSION = YES;
				CLANG_WARN_OBJC_ROOT_CLASS = YES_ERROR;
				CLANG_WARN_QUOTED_INCLUDE_IN_FRAMEWORK_HEADER = YES;
				CLANG_WARN_RANGE_LOOP_ANALYSIS = YES;
				CLANG_WARN_STRICT_PROTOTYPES = YES;
				CLANG_WARN_SUSPICIOUS_MOVE = YES;
				CLANG_WARN_UNGUARDED_AVAILABILITY = YES_AGGRESSIVE;
				CLANG_WARN_UNREACHABLE_CODE = YES;
				CLANG_WARN__DUPLICATE_METHOD_MATCH = YES;
				COPY_PHASE_STRIP = NO;
				DEBUG_INFORMATION_FORMAT = "dwarf-with-dsym";
				ENABLE_NS_ASSERTIONS = NO;
				ENABLE_STRICT_OBJC_MSGSEND = YES;
				GCC_C_LANGUAGE_STANDARD = gnu11;
				GCC_NO_COMMON_BLOCKS = YES;
				GCC_WARN_64_TO_32_BIT_CONVERSION = YES;
				GCC_WARN_ABOUT_RETURN_TYPE = YES_ERROR;
				GCC_WARN_UNDECLARED_SELECTOR = YES;
				GCC_WARN_UNINITIALIZED_AUTOS = YES_AGGRESSIVE;
				GCC_WARN_UNUSED_FUNCTION = YES;
				GCC_WARN_UNUSED_VARIABLE = YES;
				IPHONEOS_DEPLOYMENT_TARGET = 16.2;
				MTL_ENABLE_DEBUG_INFO = NO;
				MTL_FAST_MATH = YES;
				SDKROOT = iphoneos;
				SWIFT_COMPILATION_MODE = wholemodule;
				SWIFT_OPTIMIZATION_LEVEL = "-O";
				VALIDATE_PRODUCT = YES;
			};
			name = Release;
		};
		18F6B13D2991823E007F095D /* Debug */ = {
			isa = XCBuildConfiguration;
			buildSettings = {
				ASSETCATALOG_COMPILER_APPICON_NAME = AppIcon;
				ASSETCATALOG_COMPILER_GLOBAL_ACCENT_COLOR_NAME = AccentColor;
				CODE_SIGN_STYLE = Automatic;
				CURRENT_PROJECT_VERSION = 1;
				DEVELOPMENT_TEAM = WBDD6DSTYT;
				GENERATE_INFOPLIST_FILE = YES;
				INFOPLIST_FILE = openDeal/Info.plist;
				INFOPLIST_KEY_UIApplicationSupportsIndirectInputEvents = YES;
				INFOPLIST_KEY_UILaunchStoryboardName = LaunchScreen;
				INFOPLIST_KEY_UIMainStoryboardFile = Main;
				INFOPLIST_KEY_UISupportedInterfaceOrientations_iPad = "UIInterfaceOrientationPortrait UIInterfaceOrientationPortraitUpsideDown UIInterfaceOrientationLandscapeLeft UIInterfaceOrientationLandscapeRight";
				INFOPLIST_KEY_UISupportedInterfaceOrientations_iPhone = "UIInterfaceOrientationPortrait UIInterfaceOrientationLandscapeLeft UIInterfaceOrientationLandscapeRight";
				LD_RUNPATH_SEARCH_PATHS = (
					"$(inherited)",
					"@executable_path/Frameworks",
				);
				MARKETING_VERSION = 1.0;
				PRODUCT_BUNDLE_IDENTIFIER = "co.muskanrao.protocols-Demo2.openDeal";
				PRODUCT_NAME = "$(TARGET_NAME)";
				SWIFT_EMIT_LOC_STRINGS = YES;
				SWIFT_VERSION = 5.0;
				TARGETED_DEVICE_FAMILY = "1,2";
			};
			name = Debug;
		};
		18F6B13E2991823E007F095D /* Release */ = {
			isa = XCBuildConfiguration;
			buildSettings = {
				ASSETCATALOG_COMPILER_APPICON_NAME = AppIcon;
				ASSETCATALOG_COMPILER_GLOBAL_ACCENT_COLOR_NAME = AccentColor;
				CODE_SIGN_STYLE = Automatic;
				CURRENT_PROJECT_VERSION = 1;
				DEVELOPMENT_TEAM = WBDD6DSTYT;
				GENERATE_INFOPLIST_FILE = YES;
				INFOPLIST_FILE = openDeal/Info.plist;
				INFOPLIST_KEY_UIApplicationSupportsIndirectInputEvents = YES;
				INFOPLIST_KEY_UILaunchStoryboardName = LaunchScreen;
				INFOPLIST_KEY_UIMainStoryboardFile = Main;
				INFOPLIST_KEY_UISupportedInterfaceOrientations_iPad = "UIInterfaceOrientationPortrait UIInterfaceOrientationPortraitUpsideDown UIInterfaceOrientationLandscapeLeft UIInterfaceOrientationLandscapeRight";
				INFOPLIST_KEY_UISupportedInterfaceOrientations_iPhone = "UIInterfaceOrientationPortrait UIInterfaceOrientationLandscapeLeft UIInterfaceOrientationLandscapeRight";
				LD_RUNPATH_SEARCH_PATHS = (
					"$(inherited)",
					"@executable_path/Frameworks",
				);
				MARKETING_VERSION = 1.0;
				PRODUCT_BUNDLE_IDENTIFIER = "co.muskanrao.protocols-Demo2.openDeal";
				PRODUCT_NAME = "$(TARGET_NAME)";
				SWIFT_EMIT_LOC_STRINGS = YES;
				SWIFT_VERSION = 5.0;
				TARGETED_DEVICE_FAMILY = "1,2";
			};
			name = Release;
		};
/* End XCBuildConfiguration section */

/* Begin XCConfigurationList section */
		18F6B1232991823D007F095D /* Build configuration list for PBXProject "openDeal" */ = {
			isa = XCConfigurationList;
			buildConfigurations = (
				18F6B13A2991823E007F095D /* Debug */,
				18F6B13B2991823E007F095D /* Release */,
			);
			defaultConfigurationIsVisible = 0;
			defaultConfigurationName = Release;
		};
		18F6B13C2991823E007F095D /* Build configuration list for PBXNativeTarget "openDeal" */ = {
			isa = XCConfigurationList;
			buildConfigurations = (
				18F6B13D2991823E007F095D /* Debug */,
				18F6B13E2991823E007F095D /* Release */,
			);
			defaultConfigurationIsVisible = 0;
			defaultConfigurationName = Release;
		};
/* End XCConfigurationList section */
	};
	rootObject = 18F6B1202991823D007F095D /* Project object */;
}
